
Microsoft Visual Studio Solution File, Format Version 12.00
# Visual Studio Version 17
VisualStudioVersion = 17.0.31903.59
MinimumVisualStudioVersion = 10.0.40219.1
Project("{FAE04EC0-301F-11D3-BF4B-00C04F79EFBC}") = "BlazorServerApp", "BlazorServerApp\BlazorServerApp.csproj", "{819CB03A-3F2B-4FC9-9646-85D8646E1465}"
EndProject
Project("{FAE04EC0-301F-11D3-BF4B-00C04F79EFBC}") = "DataAccess", "DataAccess\DataAccess.csproj", "{20D4BE38-8531-4EDC-A878-130500336D57}"
EndProject
Global
	GlobalSection(SolutionConfigurationPlatforms) = preSolution
		Debug|Any CPU = Debug|Any CPU
		Release|Any CPU = Release|Any CPU
	EndGlobalSection
	GlobalSection(ProjectConfigurationPlatforms) = postSolution
		{819CB03A-3F2B-4FC9-9646-85D8646E1465}.Debug|Any CPU.ActiveCfg = Debug|Any CPU
		{819CB03A-3F2B-4FC9-9646-85D8646E1465}.Debug|Any CPU.Build.0 = Debug|Any CPU
		{819CB03A-3F2B-4FC9-9646-85D8646E1465}.Release|Any CPU.ActiveCfg = Release|Any CPU
		{819CB03A-3F2B-4FC9-9646-85D8646E1465}.Release|Any CPU.Build.0 = Release|Any CPU
		{20D4BE38-8531-4EDC-A878-130500336D57}.Debug|Any CPU.ActiveCfg = Debug|Any CPU
		{20D4BE38-8531-4EDC-A878-130500336D57}.Debug|Any CPU.Build.0 = Debug|Any CPU
		{20D4BE38-8531-4EDC-A878-130500336D57}.Release|Any CPU.ActiveCfg = Release|Any CPU
		{20D4BE38-8531-4EDC-A878-130500336D57}.Release|Any CPU.Build.0 = Release|Any CPU
	EndGlobalSection
	GlobalSection(SolutionProperties) = preSolution
		HideSolutionNode = FALSE
	EndGlobalSection
	GlobalSection(ExtensibilityGlobals) = postSolution
		SolutionGuid = {A09B4BAF-ED8D-4369-B5E1-63365F00F2D3}
	EndGlobalSection
EndGlobal
